
Microsoft Visual Studio Solution File, Format Version 12.00
# Visual Studio Version 17
VisualStudioVersion = 17.13.35931.197
MinimumVisualStudioVersion = 10.0.40219.1
Project("{8BC9CEB8-8B4A-11D0-8D11-00A0C91BC942}") = "WindowJikken", "WindowJikken\WindowJikken.vcxproj", "{D0A23D3D-9BD7-43B3-973D-C741C80F5891}"
EndProject
Global
	GlobalSection(SolutionConfigurationPlatforms) = preSolution
		Debug|x64 = Debug|x64
	EndGlobalSection
	GlobalSection(ProjectConfigurationPlatforms) = postSolution
		{D0A23D3D-9BD7-43B3-973D-C741C80F5891}.Debug|x64.ActiveCfg = Debug|x64
		{D0A23D3D-9BD7-43B3-973D-C741C80F5891}.Debug|x64.Build.0 = Debug|x64
	EndGlobalSection
	GlobalSection(SolutionProperties) = preSolution
		HideSolutionNode = FALSE
	EndGlobalSection
	GlobalSection(ExtensibilityGlobals) = postSolution
		SolutionGuid = {9FD7AF4E-B24D-4096-900C-6E01D3E15997}
	EndGlobalSection
EndGlobal
